// !$*UTF8*$!
{
	archiveVersion = 1;
	classes = {
	};
	objectVersion = 54;
	objects = {

/* Begin PBXBuildFile section */
		00E356F31AD99517003FC87E /* eBookAppTests.m in Sources */ = {isa = PBXBuildFile; fileRef = 00E356F21AD99517003FC87E /* eBookAppTests.m */; };
		13B07FBC1A68108700A75B9A /* AppDelegate.m in Sources */ = {isa = PBXBuildFile; fileRef = 13B07FB01A68108700A75B9A /* AppDelegate.m */; };
		13B07FBF1A68108700A75B9A /* Images.xcassets in Resources */ = {isa = PBXBuildFile; fileRef = 13B07FB51A68108700A75B9A /* Images.xcassets */; };
		13B07FC11A68108700A75B9A /* main.m in Sources */ = {isa = PBXBuildFile; fileRef = 13B07FB71A68108700A75B9A /* main.m */; };
		4E5A8726F7C5F1F3A838824D /* libPods-eBookApp.a in Frameworks */ = {isa = PBXBuildFile; fileRef = 08F61F78FE6C555ECB62D518 /* libPods-eBookApp.a */; };
		81AB9BB82411601600AC10FF /* LaunchScreen.storyboard in Resources */ = {isa = PBXBuildFile; fileRef = 81AB9BB72411601600AC10FF /* LaunchScreen.storyboard */; };
		92AC884AA1BD15131D23DB75 /* libPods-eBookApp-eBookAppTests.a in Frameworks */ = {isa = PBXBuildFile; fileRef = 0840FEFC047BE434766E208E /* libPods-eBookApp-eBookAppTests.a */; };
		05F91C09ED4B443DA1E07520 /* Roboto-Black.ttf in Resources */ = {isa = PBXBuildFile; fileRef = 647EB6DDCE6F4616A40247B0 /* Roboto-Black.ttf */; };
		E0B247536FD147DB82397824 /* Roboto-BlackItalic.ttf in Resources */ = {isa = PBXBuildFile; fileRef = 22F0B93498DB4358A6F03CFA /* Roboto-BlackItalic.ttf */; };
		9378F3175DE44DFDA966E808 /* Roboto-Bold.ttf in Resources */ = {isa = PBXBuildFile; fileRef = 3C8B204A797C48658EBA1A52 /* Roboto-Bold.ttf */; };
		BF3B6569E23946E7B16BAD54 /* Roboto-BoldItalic.ttf in Resources */ = {isa = PBXBuildFile; fileRef = 4EE63AC88D61436BA58BBFC1 /* Roboto-BoldItalic.ttf */; };
		72E8266D2DBD434AB43B6698 /* Roboto-Italic.ttf in Resources */ = {isa = PBXBuildFile; fileRef = 64D455B8C8CB4B00B8CE9A54 /* Roboto-Italic.ttf */; };
		978DE23597C54EE0AFAF5E73 /* Roboto-Light.ttf in Resources */ = {isa = PBXBuildFile; fileRef = A09F579530B2401481FC6E95 /* Roboto-Light.ttf */; };
		5CAAE76197A3480AAD31B7BB /* Roboto-LightItalic.ttf in Resources */ = {isa = PBXBuildFile; fileRef = 88A12B9F1E1244E891E0FB04 /* Roboto-LightItalic.ttf */; };
		A2DDE89715134A9F93BAE55A /* Roboto-Medium.ttf in Resources */ = {isa = PBXBuildFile; fileRef = 6C6BD4BFDB204B2F97E7474A /* Roboto-Medium.ttf */; };
		3D9CB3C9491B41DE939ACBB5 /* Roboto-MediumItalic.ttf in Resources */ = {isa = PBXBuildFile; fileRef = D60032A97A77402F846C798C /* Roboto-MediumItalic.ttf */; };
		62748855BFAD48A9B6BB3EE5 /* Roboto-Regular.ttf in Resources */ = {isa = PBXBuildFile; fileRef = 44051D552B364CB7ABB68931 /* Roboto-Regular.ttf */; };
		3BC52CF1FE0F48FBA3D17286 /* Roboto-Thin.ttf in Resources */ = {isa = PBXBuildFile; fileRef = 4E84B1B1BAD046ADA6A87097 /* Roboto-Thin.ttf */; };
		FEE6449DD33744E2AAE1D872 /* Roboto-ThinItalic.ttf in Resources */ = {isa = PBXBuildFile; fileRef = 3397F6DDF6C6459C9EF6DD5E /* Roboto-ThinItalic.ttf */; };
		0C4E7BD5DB0D471BB3E5CD34 /* RobotoCondensed-Bold.ttf in Resources */ = {isa = PBXBuildFile; fileRef = 01D4A99F44CD426EA32EE9C1 /* RobotoCondensed-Bold.ttf */; };
		2FCCBD5D3FEA439291DE591D /* RobotoCondensed-BoldItalic.ttf in Resources */ = {isa = PBXBuildFile; fileRef = 6A7838CE68584E7DB36316C5 /* RobotoCondensed-BoldItalic.ttf */; };
		32FD2BC4674C41CA9B805232 /* RobotoCondensed-Italic.ttf in Resources */ = {isa = PBXBuildFile; fileRef = 520572D03D794ECDAED19A25 /* RobotoCondensed-Italic.ttf */; };
		A275595AB36C4056A97D14BD /* RobotoCondensed-Light.ttf in Resources */ = {isa = PBXBuildFile; fileRef = 0C0CB519275F448C951F4639 /* RobotoCondensed-Light.ttf */; };
		DAF1AA0B8AD54B85A2A34A5F /* RobotoCondensed-LightItalic.ttf in Resources */ = {isa = PBXBuildFile; fileRef = 009DC6E7C87F4268A215D4C3 /* RobotoCondensed-LightItalic.ttf */; };
		88C4480D53994E18985F457D /* RobotoCondensed-Regular.ttf in Resources */ = {isa = PBXBuildFile; fileRef = 8663E70927DA4F7794BA85A0 /* RobotoCondensed-Regular.ttf */; };
		14702BA91064404AA0AC9777 /* EncodeSansSC-Black.ttf in Resources */ = {isa = PBXBuildFile; fileRef = 1658923B5C5E4D1480A324D5 /* EncodeSansSC-Black.ttf */; };
		5E2E241A0E894564A3CC0521 /* EncodeSansSC-Bold.ttf in Resources */ = {isa = PBXBuildFile; fileRef = 852F145A6D05420593EDC18C /* EncodeSansSC-Bold.ttf */; };
		72D3CCB951534F0BBC080EA2 /* EncodeSansSC-ExtraBold.ttf in Resources */ = {isa = PBXBuildFile; fileRef = 06F65A8C636F4FE79EF25A43 /* EncodeSansSC-ExtraBold.ttf */; };
		A1B88B9DD38044E5AE5A05A5 /* EncodeSansSC-ExtraLight.ttf in Resources */ = {isa = PBXBuildFile; fileRef = 80D10248EB9E4D33A636309E /* EncodeSansSC-ExtraLight.ttf */; };
		30C4A486551046EA97771CF1 /* EncodeSansSC-Light.ttf in Resources */ = {isa = PBXBuildFile; fileRef = 53D096F22CE440218C0F17B2 /* EncodeSansSC-Light.ttf */; };
		D875BD6E39F84D0A9487D1A7 /* EncodeSansSC-Medium.ttf in Resources */ = {isa = PBXBuildFile; fileRef = 95833207F47641548FD447E7 /* EncodeSansSC-Medium.ttf */; };
		E30C8D569463402CB9ACD283 /* EncodeSansSC-Regular.ttf in Resources */ = {isa = PBXBuildFile; fileRef = C51C91C95E9A444BAB3F9550 /* EncodeSansSC-Regular.ttf */; };
		E4D88EB06D74438FB47EDEB2 /* EncodeSansSC-SemiBold.ttf in Resources */ = {isa = PBXBuildFile; fileRef = 5094E2834E0D434AB2094010 /* EncodeSansSC-SemiBold.ttf */; };
		04EB713A02ED48A48C46C4D3 /* EncodeSansSC-Thin.ttf in Resources */ = {isa = PBXBuildFile; fileRef = 4C4E8174BD584CABB07101F6 /* EncodeSansSC-Thin.ttf */; };
		D3BD55C4F171483B94EAC07A /* EncodeSansSC-Black.ttf in Resources */ = {isa = PBXBuildFile; fileRef = 740B3148004E4A299087A8B6 /* EncodeSansSC-Black.ttf */; };
		1C8C62E88EE345FA8383A999 /* EncodeSansSC-Bold.ttf in Resources */ = {isa = PBXBuildFile; fileRef = 3BA53BD695F249008F1441E0 /* EncodeSansSC-Bold.ttf */; };
		BF091A77E5E34806AB7C10E8 /* EncodeSansSC-ExtraBold.ttf in Resources */ = {isa = PBXBuildFile; fileRef = 5C37BC491A2D4CE4ABF02828 /* EncodeSansSC-ExtraBold.ttf */; };
		EEE9876627C84348BF1B80B9 /* EncodeSansSC-ExtraLight.ttf in Resources */ = {isa = PBXBuildFile; fileRef = 7B99C57ED0E44E71BA7F95F7 /* EncodeSansSC-ExtraLight.ttf */; };
		76ECFF8A092D4083A2CB191D /* EncodeSansSC-Light.ttf in Resources */ = {isa = PBXBuildFile; fileRef = 52CAA3AFBFAC44449D14B0F0 /* EncodeSansSC-Light.ttf */; };
		1FBF2B8F65BE4B07AA718C1E /* EncodeSansSC-Medium.ttf in Resources */ = {isa = PBXBuildFile; fileRef = A7B760034DD145DBBE3A60B8 /* EncodeSansSC-Medium.ttf */; };
		5828A251CA584C479539559D /* EncodeSansSC-Regular.ttf in Resources */ = {isa = PBXBuildFile; fileRef = 56DC54DCB40C4984BA11270B /* EncodeSansSC-Regular.ttf */; };
		59F6A8A616504FE796D39602 /* EncodeSansSC-SemiBold.ttf in Resources */ = {isa = PBXBuildFile; fileRef = 15D6D136FF9E43C6B1CAA694 /* EncodeSansSC-SemiBold.ttf */; };
		86C9860C0C514DE4A277EF7C /* EncodeSansSC-Thin.ttf in Resources */ = {isa = PBXBuildFile; fileRef = C608CFA764224A00B8F75D22 /* EncodeSansSC-Thin.ttf */; };
		3DF7831CDD2A40ABBD0712B8 /* Roboto-Black.ttf in Resources */ = {isa = PBXBuildFile; fileRef = CC4CF827E5C7481D9F6194E1 /* Roboto-Black.ttf */; };
		D4DC075C7B7D456C8B4A93AA /* Roboto-BlackItalic.ttf in Resources */ = {isa = PBXBuildFile; fileRef = 6A84281531EF44C689772FA6 /* Roboto-BlackItalic.ttf */; };
		8E802C1231EC429F922706AF /* Roboto-Bold.ttf in Resources */ = {isa = PBXBuildFile; fileRef = 03DFCD3855ED45E780646EB4 /* Roboto-Bold.ttf */; };
		EE3ECE27FCC049DC960CFF67 /* Roboto-BoldItalic.ttf in Resources */ = {isa = PBXBuildFile; fileRef = 99B7D5DDEDC0473B85494218 /* Roboto-BoldItalic.ttf */; };
		B55D44BDC28D4459BFABEE80 /* Roboto-Italic.ttf in Resources */ = {isa = PBXBuildFile; fileRef = DC4095BB8A4B4379BA63589E /* Roboto-Italic.ttf */; };
		B8A8DCBC19F34158A16193E0 /* Roboto-Light.ttf in Resources */ = {isa = PBXBuildFile; fileRef = AED0AE715450497CA606C7EF /* Roboto-Light.ttf */; };
		45FAC197E70B48F7B978A777 /* Roboto-LightItalic.ttf in Resources */ = {isa = PBXBuildFile; fileRef = C0287675C62B4585BBD9666E /* Roboto-LightItalic.ttf */; };
		FDA274ABD05143A7A34EFDD2 /* Roboto-Medium.ttf in Resources */ = {isa = PBXBuildFile; fileRef = 54800962BDC14A1F9BA637A8 /* Roboto-Medium.ttf */; };
		65B9AF6E20CD4D15AA178727 /* Roboto-MediumItalic.ttf in Resources */ = {isa = PBXBuildFile; fileRef = 35C87070B2924992925911A2 /* Roboto-MediumItalic.ttf */; };
		C7EB5F3C35FC4CC9B1F48E34 /* Roboto-Regular.ttf in Resources */ = {isa = PBXBuildFile; fileRef = CEB143FE97BD4C53BB94F879 /* Roboto-Regular.ttf */; };
		491D926FB079458FA1EA708D /* Roboto-Thin.ttf in Resources */ = {isa = PBXBuildFile; fileRef = 7FBECA60F0C7426EB22DB7CD /* Roboto-Thin.ttf */; };
		C7262D26A096464AA5198F25 /* Roboto-ThinItalic.ttf in Resources */ = {isa = PBXBuildFile; fileRef = D91DC7E1DDD04CA587664D61 /* Roboto-ThinItalic.ttf */; };
		832FAD4032224095B2536A40 /* RobotoCondensed-Bold.ttf in Resources */ = {isa = PBXBuildFile; fileRef = F9347188A2E147E3B3671DDA /* RobotoCondensed-Bold.ttf */; };
		357C9351F5E84045A1CCB1AC /* RobotoCondensed-BoldItalic.ttf in Resources */ = {isa = PBXBuildFile; fileRef = 063D373909E14A0A8C5208D8 /* RobotoCondensed-BoldItalic.ttf */; };
		29B73FA0BB474928A8C4AF12 /* RobotoCondensed-Italic.ttf in Resources */ = {isa = PBXBuildFile; fileRef = CC7C97D72F6A4AD294AC6AF9 /* RobotoCondensed-Italic.ttf */; };
		A90213AA18DB4B21906DBA14 /* RobotoCondensed-Light.ttf in Resources */ = {isa = PBXBuildFile; fileRef = E6DA850A9B744F3E9E00CCC9 /* RobotoCondensed-Light.ttf */; };
		F5033DD9707E4781AB6F47A8 /* RobotoCondensed-LightItalic.ttf in Resources */ = {isa = PBXBuildFile; fileRef = F6896A2EB0874BD3A6E04A9A /* RobotoCondensed-LightItalic.ttf */; };
		12E1EBC65A3041B78861AB5E /* RobotoCondensed-Regular.ttf in Resources */ = {isa = PBXBuildFile; fileRef = D7C2736570F74C7784AB4A92 /* RobotoCondensed-Regular.ttf */; };
/* End PBXBuildFile section */

/* Begin PBXContainerItemProxy section */
		00E356F41AD99517003FC87E /* PBXContainerItemProxy */ = {
			isa = PBXContainerItemProxy;
			containerPortal = 83CBB9F71A601CBA00E9B192 /* Project object */;
			proxyType = 1;
			remoteGlobalIDString = 13B07F861A680F5B00A75B9A;
			remoteInfo = eBookApp;
		};
/* End PBXContainerItemProxy section */

/* Begin PBXFileReference section */
		00E356EE1AD99517003FC87E /* eBookAppTests.xctest */ = {isa = PBXFileReference; explicitFileType = wrapper.cfbundle; includeInIndex = 0; path = eBookAppTests.xctest; sourceTree = BUILT_PRODUCTS_DIR; };
		00E356F11AD99517003FC87E /* Info.plist */ = {isa = PBXFileReference; lastKnownFileType = text.plist.xml; path = Info.plist; sourceTree = "<group>"; };
		00E356F21AD99517003FC87E /* eBookAppTests.m */ = {isa = PBXFileReference; lastKnownFileType = sourcecode.c.objc; path = eBookAppTests.m; sourceTree = "<group>"; };
		0840FEFC047BE434766E208E /* libPods-eBookApp-eBookAppTests.a */ = {isa = PBXFileReference; explicitFileType = archive.ar; includeInIndex = 0; path = "libPods-eBookApp-eBookAppTests.a"; sourceTree = BUILT_PRODUCTS_DIR; };
		08F61F78FE6C555ECB62D518 /* libPods-eBookApp.a */ = {isa = PBXFileReference; explicitFileType = archive.ar; includeInIndex = 0; path = "libPods-eBookApp.a"; sourceTree = BUILT_PRODUCTS_DIR; };
		13B07F961A680F5B00A75B9A /* eBookApp.app */ = {isa = PBXFileReference; explicitFileType = wrapper.application; includeInIndex = 0; path = eBookApp.app; sourceTree = BUILT_PRODUCTS_DIR; };
		13B07FAF1A68108700A75B9A /* AppDelegate.h */ = {isa = PBXFileReference; fileEncoding = 4; lastKnownFileType = sourcecode.c.h; name = AppDelegate.h; path = eBookApp/AppDelegate.h; sourceTree = "<group>"; };
		13B07FB01A68108700A75B9A /* AppDelegate.m */ = {isa = PBXFileReference; fileEncoding = 4; lastKnownFileType = sourcecode.c.objc; name = AppDelegate.m; path = eBookApp/AppDelegate.m; sourceTree = "<group>"; };
		13B07FB51A68108700A75B9A /* Images.xcassets */ = {isa = PBXFileReference; lastKnownFileType = folder.assetcatalog; name = Images.xcassets; path = eBookApp/Images.xcassets; sourceTree = "<group>"; };
		13B07FB61A68108700A75B9A /* Info.plist */ = {isa = PBXFileReference; fileEncoding = 4; lastKnownFileType = text.plist.xml; name = Info.plist; path = eBookApp/Info.plist; sourceTree = "<group>"; };
		13B07FB71A68108700A75B9A /* main.m */ = {isa = PBXFileReference; fileEncoding = 4; lastKnownFileType = sourcecode.c.objc; name = main.m; path = eBookApp/main.m; sourceTree = "<group>"; };
		4337A6089F38DCEB42F395A3 /* Pods-eBookApp-eBookAppTests.release.xcconfig */ = {isa = PBXFileReference; includeInIndex = 1; lastKnownFileType = text.xcconfig; name = "Pods-eBookApp-eBookAppTests.release.xcconfig"; path = "Target Support Files/Pods-eBookApp-eBookAppTests/Pods-eBookApp-eBookAppTests.release.xcconfig"; sourceTree = "<group>"; };
		43B1A5B9B8FF4A87FF41F929 /* Pods-eBookApp.debug.xcconfig */ = {isa = PBXFileReference; includeInIndex = 1; lastKnownFileType = text.xcconfig; name = "Pods-eBookApp.debug.xcconfig"; path = "Target Support Files/Pods-eBookApp/Pods-eBookApp.debug.xcconfig"; sourceTree = "<group>"; };
		81AB9BB72411601600AC10FF /* LaunchScreen.storyboard */ = {isa = PBXFileReference; fileEncoding = 4; lastKnownFileType = file.storyboard; name = LaunchScreen.storyboard; path = eBookApp/LaunchScreen.storyboard; sourceTree = "<group>"; };
		84647C760EF26E07DD4BE322 /* Pods-eBookApp.release.xcconfig */ = {isa = PBXFileReference; includeInIndex = 1; lastKnownFileType = text.xcconfig; name = "Pods-eBookApp.release.xcconfig"; path = "Target Support Files/Pods-eBookApp/Pods-eBookApp.release.xcconfig"; sourceTree = "<group>"; };
		8ABDEE5C6D473D746ACBD24E /* Pods-eBookApp-eBookAppTests.debug.xcconfig */ = {isa = PBXFileReference; includeInIndex = 1; lastKnownFileType = text.xcconfig; name = "Pods-eBookApp-eBookAppTests.debug.xcconfig"; path = "Target Support Files/Pods-eBookApp-eBookAppTests/Pods-eBookApp-eBookAppTests.debug.xcconfig"; sourceTree = "<group>"; };
		ED297162215061F000B7C4FE /* JavaScriptCore.framework */ = {isa = PBXFileReference; lastKnownFileType = wrapper.framework; name = JavaScriptCore.framework; path = System/Library/Frameworks/JavaScriptCore.framework; sourceTree = SDKROOT; };
		647EB6DDCE6F4616A40247B0 /* Roboto-Black.ttf */ = {isa = PBXFileReference; name = "Roboto-Black.ttf"; path = "../src/assets/fonts/Roboto-Black.ttf"; sourceTree = "<group>"; fileEncoding = undefined; lastKnownFileType = unknown; explicitFileType = undefined; includeInIndex = 0; };
		22F0B93498DB4358A6F03CFA /* Roboto-BlackItalic.ttf */ = {isa = PBXFileReference; name = "Roboto-BlackItalic.ttf"; path = "../src/assets/fonts/Roboto-BlackItalic.ttf"; sourceTree = "<group>"; fileEncoding = undefined; lastKnownFileType = unknown; explicitFileType = undefined; includeInIndex = 0; };
		3C8B204A797C48658EBA1A52 /* Roboto-Bold.ttf */ = {isa = PBXFileReference; name = "Roboto-Bold.ttf"; path = "../src/assets/fonts/Roboto-Bold.ttf"; sourceTree = "<group>"; fileEncoding = undefined; lastKnownFileType = unknown; explicitFileType = undefined; includeInIndex = 0; };
		4EE63AC88D61436BA58BBFC1 /* Roboto-BoldItalic.ttf */ = {isa = PBXFileReference; name = "Roboto-BoldItalic.ttf"; path = "../src/assets/fonts/Roboto-BoldItalic.ttf"; sourceTree = "<group>"; fileEncoding = undefined; lastKnownFileType = unknown; explicitFileType = undefined; includeInIndex = 0; };
		64D455B8C8CB4B00B8CE9A54 /* Roboto-Italic.ttf */ = {isa = PBXFileReference; name = "Roboto-Italic.ttf"; path = "../src/assets/fonts/Roboto-Italic.ttf"; sourceTree = "<group>"; fileEncoding = undefined; lastKnownFileType = unknown; explicitFileType = undefined; includeInIndex = 0; };
		A09F579530B2401481FC6E95 /* Roboto-Light.ttf */ = {isa = PBXFileReference; name = "Roboto-Light.ttf"; path = "../src/assets/fonts/Roboto-Light.ttf"; sourceTree = "<group>"; fileEncoding = undefined; lastKnownFileType = unknown; explicitFileType = undefined; includeInIndex = 0; };
		88A12B9F1E1244E891E0FB04 /* Roboto-LightItalic.ttf */ = {isa = PBXFileReference; name = "Roboto-LightItalic.ttf"; path = "../src/assets/fonts/Roboto-LightItalic.ttf"; sourceTree = "<group>"; fileEncoding = undefined; lastKnownFileType = unknown; explicitFileType = undefined; includeInIndex = 0; };
		6C6BD4BFDB204B2F97E7474A /* Roboto-Medium.ttf */ = {isa = PBXFileReference; name = "Roboto-Medium.ttf"; path = "../src/assets/fonts/Roboto-Medium.ttf"; sourceTree = "<group>"; fileEncoding = undefined; lastKnownFileType = unknown; explicitFileType = undefined; includeInIndex = 0; };
		D60032A97A77402F846C798C /* Roboto-MediumItalic.ttf */ = {isa = PBXFileReference; name = "Roboto-MediumItalic.ttf"; path = "../src/assets/fonts/Roboto-MediumItalic.ttf"; sourceTree = "<group>"; fileEncoding = undefined; lastKnownFileType = unknown; explicitFileType = undefined; includeInIndex = 0; };
		44051D552B364CB7ABB68931 /* Roboto-Regular.ttf */ = {isa = PBXFileReference; name = "Roboto-Regular.ttf"; path = "../src/assets/fonts/Roboto-Regular.ttf"; sourceTree = "<group>"; fileEncoding = undefined; lastKnownFileType = unknown; explicitFileType = undefined; includeInIndex = 0; };
		4E84B1B1BAD046ADA6A87097 /* Roboto-Thin.ttf */ = {isa = PBXFileReference; name = "Roboto-Thin.ttf"; path = "../src/assets/fonts/Roboto-Thin.ttf"; sourceTree = "<group>"; fileEncoding = undefined; lastKnownFileType = unknown; explicitFileType = undefined; includeInIndex = 0; };
		3397F6DDF6C6459C9EF6DD5E /* Roboto-ThinItalic.ttf */ = {isa = PBXFileReference; name = "Roboto-ThinItalic.ttf"; path = "../src/assets/fonts/Roboto-ThinItalic.ttf"; sourceTree = "<group>"; fileEncoding = undefined; lastKnownFileType = unknown; explicitFileType = undefined; includeInIndex = 0; };
		01D4A99F44CD426EA32EE9C1 /* RobotoCondensed-Bold.ttf */ = {isa = PBXFileReference; name = "RobotoCondensed-Bold.ttf"; path = "../src/assets/fonts/RobotoCondensed-Bold.ttf"; sourceTree = "<group>"; fileEncoding = undefined; lastKnownFileType = unknown; explicitFileType = undefined; includeInIndex = 0; };
		6A7838CE68584E7DB36316C5 /* RobotoCondensed-BoldItalic.ttf */ = {isa = PBXFileReference; name = "RobotoCondensed-BoldItalic.ttf"; path = "../src/assets/fonts/RobotoCondensed-BoldItalic.ttf"; sourceTree = "<group>"; fileEncoding = undefined; lastKnownFileType = unknown; explicitFileType = undefined; includeInIndex = 0; };
		520572D03D794ECDAED19A25 /* RobotoCondensed-Italic.ttf */ = {isa = PBXFileReference; name = "RobotoCondensed-Italic.ttf"; path = "../src/assets/fonts/RobotoCondensed-Italic.ttf"; sourceTree = "<group>"; fileEncoding = undefined; lastKnownFileType = unknown; explicitFileType = undefined; includeInIndex = 0; };
		0C0CB519275F448C951F4639 /* RobotoCondensed-Light.ttf */ = {isa = PBXFileReference; name = "RobotoCondensed-Light.ttf"; path = "../src/assets/fonts/RobotoCondensed-Light.ttf"; sourceTree = "<group>"; fileEncoding = undefined; lastKnownFileType = unknown; explicitFileType = undefined; includeInIndex = 0; };
		009DC6E7C87F4268A215D4C3 /* RobotoCondensed-LightItalic.ttf */ = {isa = PBXFileReference; name = "RobotoCondensed-LightItalic.ttf"; path = "../src/assets/fonts/RobotoCondensed-LightItalic.ttf"; sourceTree = "<group>"; fileEncoding = undefined; lastKnownFileType = unknown; explicitFileType = undefined; includeInIndex = 0; };
		8663E70927DA4F7794BA85A0 /* RobotoCondensed-Regular.ttf */ = {isa = PBXFileReference; name = "RobotoCondensed-Regular.ttf"; path = "../src/assets/fonts/RobotoCondensed-Regular.ttf"; sourceTree = "<group>"; fileEncoding = undefined; lastKnownFileType = unknown; explicitFileType = undefined; includeInIndex = 0; };
		1658923B5C5E4D1480A324D5 /* EncodeSansSC-Black.ttf */ = {isa = PBXFileReference; name = "EncodeSansSC-Black.ttf"; path = "../src/assets/fonts/EncodeSansSC-Black.ttf"; sourceTree = "<group>"; fileEncoding = undefined; lastKnownFileType = unknown; explicitFileType = undefined; includeInIndex = 0; };
		852F145A6D05420593EDC18C /* EncodeSansSC-Bold.ttf */ = {isa = PBXFileReference; name = "EncodeSansSC-Bold.ttf"; path = "../src/assets/fonts/EncodeSansSC-Bold.ttf"; sourceTree = "<group>"; fileEncoding = undefined; lastKnownFileType = unknown; explicitFileType = undefined; includeInIndex = 0; };
		06F65A8C636F4FE79EF25A43 /* EncodeSansSC-ExtraBold.ttf */ = {isa = PBXFileReference; name = "EncodeSansSC-ExtraBold.ttf"; path = "../src/assets/fonts/EncodeSansSC-ExtraBold.ttf"; sourceTree = "<group>"; fileEncoding = undefined; lastKnownFileType = unknown; explicitFileType = undefined; includeInIndex = 0; };
		80D10248EB9E4D33A636309E /* EncodeSansSC-ExtraLight.ttf */ = {isa = PBXFileReference; name = "EncodeSansSC-ExtraLight.ttf"; path = "../src/assets/fonts/EncodeSansSC-ExtraLight.ttf"; sourceTree = "<group>"; fileEncoding = undefined; lastKnownFileType = unknown; explicitFileType = undefined; includeInIndex = 0; };
		53D096F22CE440218C0F17B2 /* EncodeSansSC-Light.ttf */ = {isa = PBXFileReference; name = "EncodeSansSC-Light.ttf"; path = "../src/assets/fonts/EncodeSansSC-Light.ttf"; sourceTree = "<group>"; fileEncoding = undefined; lastKnownFileType = unknown; explicitFileType = undefined; includeInIndex = 0; };
		95833207F47641548FD447E7 /* EncodeSansSC-Medium.ttf */ = {isa = PBXFileReference; name = "EncodeSansSC-Medium.ttf"; path = "../src/assets/fonts/EncodeSansSC-Medium.ttf"; sourceTree = "<group>"; fileEncoding = undefined; lastKnownFileType = unknown; explicitFileType = undefined; includeInIndex = 0; };
		C51C91C95E9A444BAB3F9550 /* EncodeSansSC-Regular.ttf */ = {isa = PBXFileReference; name = "EncodeSansSC-Regular.ttf"; path = "../src/assets/fonts/EncodeSansSC-Regular.ttf"; sourceTree = "<group>"; fileEncoding = undefined; lastKnownFileType = unknown; explicitFileType = undefined; includeInIndex = 0; };
		5094E2834E0D434AB2094010 /* EncodeSansSC-SemiBold.ttf */ = {isa = PBXFileReference; name = "EncodeSansSC-SemiBold.ttf"; path = "../src/assets/fonts/EncodeSansSC-SemiBold.ttf"; sourceTree = "<group>"; fileEncoding = undefined; lastKnownFileType = unknown; explicitFileType = undefined; includeInIndex = 0; };
		4C4E8174BD584CABB07101F6 /* EncodeSansSC-Thin.ttf */ = {isa = PBXFileReference; name = "EncodeSansSC-Thin.ttf"; path = "../src/assets/fonts/EncodeSansSC-Thin.ttf"; sourceTree = "<group>"; fileEncoding = undefined; lastKnownFileType = unknown; explicitFileType = undefined; includeInIndex = 0; };
		740B3148004E4A299087A8B6 /* EncodeSansSC-Black.ttf */ = {isa = PBXFileReference; name = "EncodeSansSC-Black.ttf"; path = "../assets/fonts/EncodeSansSC-Black.ttf"; sourceTree = "<group>"; fileEncoding = undefined; lastKnownFileType = unknown; explicitFileType = undefined; includeInIndex = 0; };
		3BA53BD695F249008F1441E0 /* EncodeSansSC-Bold.ttf */ = {isa = PBXFileReference; name = "EncodeSansSC-Bold.ttf"; path = "../assets/fonts/EncodeSansSC-Bold.ttf"; sourceTree = "<group>"; fileEncoding = undefined; lastKnownFileType = unknown; explicitFileType = undefined; includeInIndex = 0; };
		5C37BC491A2D4CE4ABF02828 /* EncodeSansSC-ExtraBold.ttf */ = {isa = PBXFileReference; name = "EncodeSansSC-ExtraBold.ttf"; path = "../assets/fonts/EncodeSansSC-ExtraBold.ttf"; sourceTree = "<group>"; fileEncoding = undefined; lastKnownFileType = unknown; explicitFileType = undefined; includeInIndex = 0; };
		7B99C57ED0E44E71BA7F95F7 /* EncodeSansSC-ExtraLight.ttf */ = {isa = PBXFileReference; name = "EncodeSansSC-ExtraLight.ttf"; path = "../assets/fonts/EncodeSansSC-ExtraLight.ttf"; sourceTree = "<group>"; fileEncoding = undefined; lastKnownFileType = unknown; explicitFileType = undefined; includeInIndex = 0; };
		52CAA3AFBFAC44449D14B0F0 /* EncodeSansSC-Light.ttf */ = {isa = PBXFileReference; name = "EncodeSansSC-Light.ttf"; path = "../assets/fonts/EncodeSansSC-Light.ttf"; sourceTree = "<group>"; fileEncoding = undefined; lastKnownFileType = unknown; explicitFileType = undefined; includeInIndex = 0; };
		A7B760034DD145DBBE3A60B8 /* EncodeSansSC-Medium.ttf */ = {isa = PBXFileReference; name = "EncodeSansSC-Medium.ttf"; path = "../assets/fonts/EncodeSansSC-Medium.ttf"; sourceTree = "<group>"; fileEncoding = undefined; lastKnownFileType = unknown; explicitFileType = undefined; includeInIndex = 0; };
		56DC54DCB40C4984BA11270B /* EncodeSansSC-Regular.ttf */ = {isa = PBXFileReference; name = "EncodeSansSC-Regular.ttf"; path = "../assets/fonts/EncodeSansSC-Regular.ttf"; sourceTree = "<group>"; fileEncoding = undefined; lastKnownFileType = unknown; explicitFileType = undefined; includeInIndex = 0; };
		15D6D136FF9E43C6B1CAA694 /* EncodeSansSC-SemiBold.ttf */ = {isa = PBXFileReference; name = "EncodeSansSC-SemiBold.ttf"; path = "../assets/fonts/EncodeSansSC-SemiBold.ttf"; sourceTree = "<group>"; fileEncoding = undefined; lastKnownFileType = unknown; explicitFileType = undefined; includeInIndex = 0; };
		C608CFA764224A00B8F75D22 /* EncodeSansSC-Thin.ttf */ = {isa = PBXFileReference; name = "EncodeSansSC-Thin.ttf"; path = "../assets/fonts/EncodeSansSC-Thin.ttf"; sourceTree = "<group>"; fileEncoding = undefined; lastKnownFileType = unknown; explicitFileType = undefined; includeInIndex = 0; };
		CC4CF827E5C7481D9F6194E1 /* Roboto-Black.ttf */ = {isa = PBXFileReference; name = "Roboto-Black.ttf"; path = "../assets/fonts/Roboto-Black.ttf"; sourceTree = "<group>"; fileEncoding = undefined; lastKnownFileType = unknown; explicitFileType = undefined; includeInIndex = 0; };
		6A84281531EF44C689772FA6 /* Roboto-BlackItalic.ttf */ = {isa = PBXFileReference; name = "Roboto-BlackItalic.ttf"; path = "../assets/fonts/Roboto-BlackItalic.ttf"; sourceTree = "<group>"; fileEncoding = undefined; lastKnownFileType = unknown; explicitFileType = undefined; includeInIndex = 0; };
		03DFCD3855ED45E780646EB4 /* Roboto-Bold.ttf */ = {isa = PBXFileReference; name = "Roboto-Bold.ttf"; path = "../assets/fonts/Roboto-Bold.ttf"; sourceTree = "<group>"; fileEncoding = undefined; lastKnownFileType = unknown; explicitFileType = undefined; includeInIndex = 0; };
		99B7D5DDEDC0473B85494218 /* Roboto-BoldItalic.ttf */ = {isa = PBXFileReference; name = "Roboto-BoldItalic.ttf"; path = "../assets/fonts/Roboto-BoldItalic.ttf"; sourceTree = "<group>"; fileEncoding = undefined; lastKnownFileType = unknown; explicitFileType = undefined; includeInIndex = 0; };
		DC4095BB8A4B4379BA63589E /* Roboto-Italic.ttf */ = {isa = PBXFileReference; name = "Roboto-Italic.ttf"; path = "../assets/fonts/Roboto-Italic.ttf"; sourceTree = "<group>"; fileEncoding = undefined; lastKnownFileType = unknown; explicitFileType = undefined; includeInIndex = 0; };
		AED0AE715450497CA606C7EF /* Roboto-Light.ttf */ = {isa = PBXFileReference; name = "Roboto-Light.ttf"; path = "../assets/fonts/Roboto-Light.ttf"; sourceTree = "<group>"; fileEncoding = undefined; lastKnownFileType = unknown; explicitFileType = undefined; includeInIndex = 0; };
		C0287675C62B4585BBD9666E /* Roboto-LightItalic.ttf */ = {isa = PBXFileReference; name = "Roboto-LightItalic.ttf"; path = "../assets/fonts/Roboto-LightItalic.ttf"; sourceTree = "<group>"; fileEncoding = undefined; lastKnownFileType = unknown; explicitFileType = undefined; includeInIndex = 0; };
		54800962BDC14A1F9BA637A8 /* Roboto-Medium.ttf */ = {isa = PBXFileReference; name = "Roboto-Medium.ttf"; path = "../assets/fonts/Roboto-Medium.ttf"; sourceTree = "<group>"; fileEncoding = undefined; lastKnownFileType = unknown; explicitFileType = undefined; includeInIndex = 0; };
		35C87070B2924992925911A2 /* Roboto-MediumItalic.ttf */ = {isa = PBXFileReference; name = "Roboto-MediumItalic.ttf"; path = "../assets/fonts/Roboto-MediumItalic.ttf"; sourceTree = "<group>"; fileEncoding = undefined; lastKnownFileType = unknown; explicitFileType = undefined; includeInIndex = 0; };
		CEB143FE97BD4C53BB94F879 /* Roboto-Regular.ttf */ = {isa = PBXFileReference; name = "Roboto-Regular.ttf"; path = "../assets/fonts/Roboto-Regular.ttf"; sourceTree = "<group>"; fileEncoding = undefined; lastKnownFileType = unknown; explicitFileType = undefined; includeInIndex = 0; };
		7FBECA60F0C7426EB22DB7CD /* Roboto-Thin.ttf */ = {isa = PBXFileReference; name = "Roboto-Thin.ttf"; path = "../assets/fonts/Roboto-Thin.ttf"; sourceTree = "<group>"; fileEncoding = undefined; lastKnownFileType = unknown; explicitFileType = undefined; includeInIndex = 0; };
		D91DC7E1DDD04CA587664D61 /* Roboto-ThinItalic.ttf */ = {isa = PBXFileReference; name = "Roboto-ThinItalic.ttf"; path = "../assets/fonts/Roboto-ThinItalic.ttf"; sourceTree = "<group>"; fileEncoding = undefined; lastKnownFileType = unknown; explicitFileType = undefined; includeInIndex = 0; };
		F9347188A2E147E3B3671DDA /* RobotoCondensed-Bold.ttf */ = {isa = PBXFileReference; name = "RobotoCondensed-Bold.ttf"; path = "../assets/fonts/RobotoCondensed-Bold.ttf"; sourceTree = "<group>"; fileEncoding = undefined; lastKnownFileType = unknown; explicitFileType = undefined; includeInIndex = 0; };
		063D373909E14A0A8C5208D8 /* RobotoCondensed-BoldItalic.ttf */ = {isa = PBXFileReference; name = "RobotoCondensed-BoldItalic.ttf"; path = "../assets/fonts/RobotoCondensed-BoldItalic.ttf"; sourceTree = "<group>"; fileEncoding = undefined; lastKnownFileType = unknown; explicitFileType = undefined; includeInIndex = 0; };
		CC7C97D72F6A4AD294AC6AF9 /* RobotoCondensed-Italic.ttf */ = {isa = PBXFileReference; name = "RobotoCondensed-Italic.ttf"; path = "../assets/fonts/RobotoCondensed-Italic.ttf"; sourceTree = "<group>"; fileEncoding = undefined; lastKnownFileType = unknown; explicitFileType = undefined; includeInIndex = 0; };
		E6DA850A9B744F3E9E00CCC9 /* RobotoCondensed-Light.ttf */ = {isa = PBXFileReference; name = "RobotoCondensed-Light.ttf"; path = "../assets/fonts/RobotoCondensed-Light.ttf"; sourceTree = "<group>"; fileEncoding = undefined; lastKnownFileType = unknown; explicitFileType = undefined; includeInIndex = 0; };
		F6896A2EB0874BD3A6E04A9A /* RobotoCondensed-LightItalic.ttf */ = {isa = PBXFileReference; name = "RobotoCondensed-LightItalic.ttf"; path = "../assets/fonts/RobotoCondensed-LightItalic.ttf"; sourceTree = "<group>"; fileEncoding = undefined; lastKnownFileType = unknown; explicitFileType = undefined; includeInIndex = 0; };
		D7C2736570F74C7784AB4A92 /* RobotoCondensed-Regular.ttf */ = {isa = PBXFileReference; name = "RobotoCondensed-Regular.ttf"; path = "../assets/fonts/RobotoCondensed-Regular.ttf"; sourceTree = "<group>"; fileEncoding = undefined; lastKnownFileType = unknown; explicitFileType = undefined; includeInIndex = 0; };
/* End PBXFileReference section */

/* Begin PBXFrameworksBuildPhase section */
		00E356EB1AD99517003FC87E /* Frameworks */ = {
			isa = PBXFrameworksBuildPhase;
			buildActionMask = 2147483647;
			files = (
				92AC884AA1BD15131D23DB75 /* libPods-eBookApp-eBookAppTests.a in Frameworks */,
			);
			runOnlyForDeploymentPostprocessing = 0;
		};
		13B07F8C1A680F5B00A75B9A /* Frameworks */ = {
			isa = PBXFrameworksBuildPhase;
			buildActionMask = 2147483647;
			files = (
				4E5A8726F7C5F1F3A838824D /* libPods-eBookApp.a in Frameworks */,
			);
			runOnlyForDeploymentPostprocessing = 0;
		};
/* End PBXFrameworksBuildPhase section */

/* Begin PBXGroup section */
		00E356EF1AD99517003FC87E /* eBookAppTests */ = {
			isa = PBXGroup;
			children = (
				00E356F21AD99517003FC87E /* eBookAppTests.m */,
				00E356F01AD99517003FC87E /* Supporting Files */,
			);
			path = eBookAppTests;
			sourceTree = "<group>";
		};
		00E356F01AD99517003FC87E /* Supporting Files */ = {
			isa = PBXGroup;
			children = (
				00E356F11AD99517003FC87E /* Info.plist */,
			);
			name = "Supporting Files";
			sourceTree = "<group>";
		};
		13B07FAE1A68108700A75B9A /* eBookApp */ = {
			isa = PBXGroup;
			children = (
				13B07FAF1A68108700A75B9A /* AppDelegate.h */,
				13B07FB01A68108700A75B9A /* AppDelegate.m */,
				13B07FB51A68108700A75B9A /* Images.xcassets */,
				13B07FB61A68108700A75B9A /* Info.plist */,
				81AB9BB72411601600AC10FF /* LaunchScreen.storyboard */,
				13B07FB71A68108700A75B9A /* main.m */,
			);
			name = eBookApp;
			sourceTree = "<group>";
		};
		2D16E6871FA4F8E400B85C8A /* Frameworks */ = {
			isa = PBXGroup;
			children = (
				ED297162215061F000B7C4FE /* JavaScriptCore.framework */,
				08F61F78FE6C555ECB62D518 /* libPods-eBookApp.a */,
				0840FEFC047BE434766E208E /* libPods-eBookApp-eBookAppTests.a */,
			);
			name = Frameworks;
			sourceTree = "<group>";
		};
		832341AE1AAA6A7D00B99B32 /* Libraries */ = {
			isa = PBXGroup;
			children = (
			);
			name = Libraries;
			sourceTree = "<group>";
		};
		83CBB9F61A601CBA00E9B192 = {
			isa = PBXGroup;
			children = (
				13B07FAE1A68108700A75B9A /* eBookApp */,
				832341AE1AAA6A7D00B99B32 /* Libraries */,
				00E356EF1AD99517003FC87E /* eBookAppTests */,
				83CBBA001A601CBA00E9B192 /* Products */,
				2D16E6871FA4F8E400B85C8A /* Frameworks */,
				CE197B994AF6543BE3349087 /* Pods */,
				0FED4A1F18904B808F06FE19 /* Resources */,
			);
			indentWidth = 2;
			sourceTree = "<group>";
			tabWidth = 2;
			usesTabs = 0;
		};
		83CBBA001A601CBA00E9B192 /* Products */ = {
			isa = PBXGroup;
			children = (
				13B07F961A680F5B00A75B9A /* eBookApp.app */,
				00E356EE1AD99517003FC87E /* eBookAppTests.xctest */,
			);
			name = Products;
			sourceTree = "<group>";
		};
		CE197B994AF6543BE3349087 /* Pods */ = {
			isa = PBXGroup;
			children = (
				43B1A5B9B8FF4A87FF41F929 /* Pods-eBookApp.debug.xcconfig */,
				84647C760EF26E07DD4BE322 /* Pods-eBookApp.release.xcconfig */,
				8ABDEE5C6D473D746ACBD24E /* Pods-eBookApp-eBookAppTests.debug.xcconfig */,
				4337A6089F38DCEB42F395A3 /* Pods-eBookApp-eBookAppTests.release.xcconfig */,
			);
			name = Pods;
			path = Pods;
			sourceTree = "<group>";
		};
		0FED4A1F18904B808F06FE19 /* Resources */ = {
			isa = "PBXGroup";
			children = (
				647EB6DDCE6F4616A40247B0 /* Roboto-Black.ttf */,
				22F0B93498DB4358A6F03CFA /* Roboto-BlackItalic.ttf */,
				3C8B204A797C48658EBA1A52 /* Roboto-Bold.ttf */,
				4EE63AC88D61436BA58BBFC1 /* Roboto-BoldItalic.ttf */,
				64D455B8C8CB4B00B8CE9A54 /* Roboto-Italic.ttf */,
				A09F579530B2401481FC6E95 /* Roboto-Light.ttf */,
				88A12B9F1E1244E891E0FB04 /* Roboto-LightItalic.ttf */,
				6C6BD4BFDB204B2F97E7474A /* Roboto-Medium.ttf */,
				D60032A97A77402F846C798C /* Roboto-MediumItalic.ttf */,
				44051D552B364CB7ABB68931 /* Roboto-Regular.ttf */,
				4E84B1B1BAD046ADA6A87097 /* Roboto-Thin.ttf */,
				3397F6DDF6C6459C9EF6DD5E /* Roboto-ThinItalic.ttf */,
				01D4A99F44CD426EA32EE9C1 /* RobotoCondensed-Bold.ttf */,
				6A7838CE68584E7DB36316C5 /* RobotoCondensed-BoldItalic.ttf */,
				520572D03D794ECDAED19A25 /* RobotoCondensed-Italic.ttf */,
				0C0CB519275F448C951F4639 /* RobotoCondensed-Light.ttf */,
				009DC6E7C87F4268A215D4C3 /* RobotoCondensed-LightItalic.ttf */,
				8663E70927DA4F7794BA85A0 /* RobotoCondensed-Regular.ttf */,
				1658923B5C5E4D1480A324D5 /* EncodeSansSC-Black.ttf */,
				852F145A6D05420593EDC18C /* EncodeSansSC-Bold.ttf */,
				06F65A8C636F4FE79EF25A43 /* EncodeSansSC-ExtraBold.ttf */,
				80D10248EB9E4D33A636309E /* EncodeSansSC-ExtraLight.ttf */,
				53D096F22CE440218C0F17B2 /* EncodeSansSC-Light.ttf */,
				95833207F47641548FD447E7 /* EncodeSansSC-Medium.ttf */,
				C51C91C95E9A444BAB3F9550 /* EncodeSansSC-Regular.ttf */,
				5094E2834E0D434AB2094010 /* EncodeSansSC-SemiBold.ttf */,
				4C4E8174BD584CABB07101F6 /* EncodeSansSC-Thin.ttf */,
				740B3148004E4A299087A8B6 /* EncodeSansSC-Black.ttf */,
				3BA53BD695F249008F1441E0 /* EncodeSansSC-Bold.ttf */,
				5C37BC491A2D4CE4ABF02828 /* EncodeSansSC-ExtraBold.ttf */,
				7B99C57ED0E44E71BA7F95F7 /* EncodeSansSC-ExtraLight.ttf */,
				52CAA3AFBFAC44449D14B0F0 /* EncodeSansSC-Light.ttf */,
				A7B760034DD145DBBE3A60B8 /* EncodeSansSC-Medium.ttf */,
				56DC54DCB40C4984BA11270B /* EncodeSansSC-Regular.ttf */,
				15D6D136FF9E43C6B1CAA694 /* EncodeSansSC-SemiBold.ttf */,
				C608CFA764224A00B8F75D22 /* EncodeSansSC-Thin.ttf */,
				CC4CF827E5C7481D9F6194E1 /* Roboto-Black.ttf */,
				6A84281531EF44C689772FA6 /* Roboto-BlackItalic.ttf */,
				03DFCD3855ED45E780646EB4 /* Roboto-Bold.ttf */,
				99B7D5DDEDC0473B85494218 /* Roboto-BoldItalic.ttf */,
				DC4095BB8A4B4379BA63589E /* Roboto-Italic.ttf */,
				AED0AE715450497CA606C7EF /* Roboto-Light.ttf */,
				C0287675C62B4585BBD9666E /* Roboto-LightItalic.ttf */,
				54800962BDC14A1F9BA637A8 /* Roboto-Medium.ttf */,
				35C87070B2924992925911A2 /* Roboto-MediumItalic.ttf */,
				CEB143FE97BD4C53BB94F879 /* Roboto-Regular.ttf */,
				7FBECA60F0C7426EB22DB7CD /* Roboto-Thin.ttf */,
				D91DC7E1DDD04CA587664D61 /* Roboto-ThinItalic.ttf */,
				F9347188A2E147E3B3671DDA /* RobotoCondensed-Bold.ttf */,
				063D373909E14A0A8C5208D8 /* RobotoCondensed-BoldItalic.ttf */,
				CC7C97D72F6A4AD294AC6AF9 /* RobotoCondensed-Italic.ttf */,
				E6DA850A9B744F3E9E00CCC9 /* RobotoCondensed-Light.ttf */,
				F6896A2EB0874BD3A6E04A9A /* RobotoCondensed-LightItalic.ttf */,
				D7C2736570F74C7784AB4A92 /* RobotoCondensed-Regular.ttf */,
			);
			name = Resources;
			sourceTree = "<group>";
			path = "";
		};
/* End PBXGroup section */

/* Begin PBXNativeTarget section */
		00E356ED1AD99517003FC87E /* eBookAppTests */ = {
			isa = PBXNativeTarget;
			buildConfigurationList = 00E357021AD99517003FC87E /* Build configuration list for PBXNativeTarget "eBookAppTests" */;
			buildPhases = (
				F2D3E5625F36B91B164E7241 /* [CP] Check Pods Manifest.lock */,
				00E356EA1AD99517003FC87E /* Sources */,
				00E356EB1AD99517003FC87E /* Frameworks */,
				00E356EC1AD99517003FC87E /* Resources */,
				0F34DDC6E9CF99FF02A77BDF /* [CP] Embed Pods Frameworks */,
				EA7F385BD7188AC82C471B0D /* [CP] Copy Pods Resources */,
			);
			buildRules = (
			);
			dependencies = (
				00E356F51AD99517003FC87E /* PBXTargetDependency */,
			);
			name = eBookAppTests;
			productName = eBookAppTests;
			productReference = 00E356EE1AD99517003FC87E /* eBookAppTests.xctest */;
			productType = "com.apple.product-type.bundle.unit-test";
		};
		13B07F861A680F5B00A75B9A /* eBookApp */ = {
			isa = PBXNativeTarget;
			buildConfigurationList = 13B07F931A680F5B00A75B9A /* Build configuration list for PBXNativeTarget "eBookApp" */;
			buildPhases = (
				1C8D09B674AE6F6B73C14CB1 /* [CP] Check Pods Manifest.lock */,
				FD10A7F022414F080027D42C /* Start Packager */,
				13B07F871A680F5B00A75B9A /* Sources */,
				13B07F8C1A680F5B00A75B9A /* Frameworks */,
				13B07F8E1A680F5B00A75B9A /* Resources */,
				00DD1BFF1BD5951E006B06BC /* Bundle React Native code and images */,
				0B816D7E639F9CA9467040B8 /* [CP] Embed Pods Frameworks */,
				2E0027D537E65A9F66800501 /* [CP] Copy Pods Resources */,
			);
			buildRules = (
			);
			dependencies = (
			);
			name = eBookApp;
			productName = eBookApp;
			productReference = 13B07F961A680F5B00A75B9A /* eBookApp.app */;
			productType = "com.apple.product-type.application";
		};
/* End PBXNativeTarget section */

/* Begin PBXProject section */
		83CBB9F71A601CBA00E9B192 /* Project object */ = {
			isa = PBXProject;
			attributes = {
				LastUpgradeCheck = 1210;
				TargetAttributes = {
					00E356ED1AD99517003FC87E = {
						CreatedOnToolsVersion = 6.2;
						TestTargetID = 13B07F861A680F5B00A75B9A;
					};
					13B07F861A680F5B00A75B9A = {
						LastSwiftMigration = 1120;
					};
				};
			};
			buildConfigurationList = 83CBB9FA1A601CBA00E9B192 /* Build configuration list for PBXProject "eBookApp" */;
			compatibilityVersion = "Xcode 12.0";
			developmentRegion = en;
			hasScannedForEncodings = 0;
			knownRegions = (
				en,
				Base,
			);
			mainGroup = 83CBB9F61A601CBA00E9B192;
			productRefGroup = 83CBBA001A601CBA00E9B192 /* Products */;
			projectDirPath = "";
			projectRoot = "";
			targets = (
				13B07F861A680F5B00A75B9A /* eBookApp */,
				00E356ED1AD99517003FC87E /* eBookAppTests */,
			);
		};
/* End PBXProject section */

/* Begin PBXResourcesBuildPhase section */
		00E356EC1AD99517003FC87E /* Resources */ = {
			isa = PBXResourcesBuildPhase;
			buildActionMask = 2147483647;
			files = (
			);
			runOnlyForDeploymentPostprocessing = 0;
		};
		13B07F8E1A680F5B00A75B9A /* Resources */ = {
			isa = PBXResourcesBuildPhase;
			buildActionMask = 2147483647;
			files = (
				81AB9BB82411601600AC10FF /* LaunchScreen.storyboard in Resources */,
				13B07FBF1A68108700A75B9A /* Images.xcassets in Resources */,
				05F91C09ED4B443DA1E07520 /* Roboto-Black.ttf in Resources */,
				E0B247536FD147DB82397824 /* Roboto-BlackItalic.ttf in Resources */,
				9378F3175DE44DFDA966E808 /* Roboto-Bold.ttf in Resources */,
				BF3B6569E23946E7B16BAD54 /* Roboto-BoldItalic.ttf in Resources */,
				72E8266D2DBD434AB43B6698 /* Roboto-Italic.ttf in Resources */,
				978DE23597C54EE0AFAF5E73 /* Roboto-Light.ttf in Resources */,
				5CAAE76197A3480AAD31B7BB /* Roboto-LightItalic.ttf in Resources */,
				A2DDE89715134A9F93BAE55A /* Roboto-Medium.ttf in Resources */,
				3D9CB3C9491B41DE939ACBB5 /* Roboto-MediumItalic.ttf in Resources */,
				62748855BFAD48A9B6BB3EE5 /* Roboto-Regular.ttf in Resources */,
				3BC52CF1FE0F48FBA3D17286 /* Roboto-Thin.ttf in Resources */,
				FEE6449DD33744E2AAE1D872 /* Roboto-ThinItalic.ttf in Resources */,
				0C4E7BD5DB0D471BB3E5CD34 /* RobotoCondensed-Bold.ttf in Resources */,
				2FCCBD5D3FEA439291DE591D /* RobotoCondensed-BoldItalic.ttf in Resources */,
				32FD2BC4674C41CA9B805232 /* RobotoCondensed-Italic.ttf in Resources */,
				A275595AB36C4056A97D14BD /* RobotoCondensed-Light.ttf in Resources */,
				DAF1AA0B8AD54B85A2A34A5F /* RobotoCondensed-LightItalic.ttf in Resources */,
				88C4480D53994E18985F457D /* RobotoCondensed-Regular.ttf in Resources */,
				14702BA91064404AA0AC9777 /* EncodeSansSC-Black.ttf in Resources */,
				5E2E241A0E894564A3CC0521 /* EncodeSansSC-Bold.ttf in Resources */,
				72D3CCB951534F0BBC080EA2 /* EncodeSansSC-ExtraBold.ttf in Resources */,
				A1B88B9DD38044E5AE5A05A5 /* EncodeSansSC-ExtraLight.ttf in Resources */,
				30C4A486551046EA97771CF1 /* EncodeSansSC-Light.ttf in Resources */,
				D875BD6E39F84D0A9487D1A7 /* EncodeSansSC-Medium.ttf in Resources */,
				E30C8D569463402CB9ACD283 /* EncodeSansSC-Regular.ttf in Resources */,
				E4D88EB06D74438FB47EDEB2 /* EncodeSansSC-SemiBold.ttf in Resources */,
				04EB713A02ED48A48C46C4D3 /* EncodeSansSC-Thin.ttf in Resources */,
				D3BD55C4F171483B94EAC07A /* EncodeSansSC-Black.ttf in Resources */,
				1C8C62E88EE345FA8383A999 /* EncodeSansSC-Bold.ttf in Resources */,
				BF091A77E5E34806AB7C10E8 /* EncodeSansSC-ExtraBold.ttf in Resources */,
				EEE9876627C84348BF1B80B9 /* EncodeSansSC-ExtraLight.ttf in Resources */,
				76ECFF8A092D4083A2CB191D /* EncodeSansSC-Light.ttf in Resources */,
				1FBF2B8F65BE4B07AA718C1E /* EncodeSansSC-Medium.ttf in Resources */,
				5828A251CA584C479539559D /* EncodeSansSC-Regular.ttf in Resources */,
				59F6A8A616504FE796D39602 /* EncodeSansSC-SemiBold.ttf in Resources */,
				86C9860C0C514DE4A277EF7C /* EncodeSansSC-Thin.ttf in Resources */,
				3DF7831CDD2A40ABBD0712B8 /* Roboto-Black.ttf in Resources */,
				D4DC075C7B7D456C8B4A93AA /* Roboto-BlackItalic.ttf in Resources */,
				8E802C1231EC429F922706AF /* Roboto-Bold.ttf in Resources */,
				EE3ECE27FCC049DC960CFF67 /* Roboto-BoldItalic.ttf in Resources */,
				B55D44BDC28D4459BFABEE80 /* Roboto-Italic.ttf in Resources */,
				B8A8DCBC19F34158A16193E0 /* Roboto-Light.ttf in Resources */,
				45FAC197E70B48F7B978A777 /* Roboto-LightItalic.ttf in Resources */,
				FDA274ABD05143A7A34EFDD2 /* Roboto-Medium.ttf in Resources */,
				65B9AF6E20CD4D15AA178727 /* Roboto-MediumItalic.ttf in Resources */,
				C7EB5F3C35FC4CC9B1F48E34 /* Roboto-Regular.ttf in Resources */,
				491D926FB079458FA1EA708D /* Roboto-Thin.ttf in Resources */,
				C7262D26A096464AA5198F25 /* Roboto-ThinItalic.ttf in Resources */,
				832FAD4032224095B2536A40 /* RobotoCondensed-Bold.ttf in Resources */,
				357C9351F5E84045A1CCB1AC /* RobotoCondensed-BoldItalic.ttf in Resources */,
				29B73FA0BB474928A8C4AF12 /* RobotoCondensed-Italic.ttf in Resources */,
				A90213AA18DB4B21906DBA14 /* RobotoCondensed-Light.ttf in Resources */,
				F5033DD9707E4781AB6F47A8 /* RobotoCondensed-LightItalic.ttf in Resources */,
				12E1EBC65A3041B78861AB5E /* RobotoCondensed-Regular.ttf in Resources */,
			);
			runOnlyForDeploymentPostprocessing = 0;
		};
/* End PBXResourcesBuildPhase section */

/* Begin PBXShellScriptBuildPhase section */
		00DD1BFF1BD5951E006B06BC /* Bundle React Native code and images */ = {
			isa = PBXShellScriptBuildPhase;
			buildActionMask = 2147483647;
			files = (
			);
			inputPaths = (
			);
			name = "Bundle React Native code and images";
			outputPaths = (
			);
			runOnlyForDeploymentPostprocessing = 0;
			shellPath = /bin/sh;
			shellScript = "set -e\n\nexport NODE_BINARY=node\n../node_modules/react-native/scripts/react-native-xcode.sh\n";
		};
		0B816D7E639F9CA9467040B8 /* [CP] Embed Pods Frameworks */ = {
			isa = PBXShellScriptBuildPhase;
			buildActionMask = 2147483647;
			files = (
			);
			inputFileListPaths = (
				"${PODS_ROOT}/Target Support Files/Pods-eBookApp/Pods-eBookApp-frameworks-${CONFIGURATION}-input-files.xcfilelist",
			);
			name = "[CP] Embed Pods Frameworks";
			outputFileListPaths = (
				"${PODS_ROOT}/Target Support Files/Pods-eBookApp/Pods-eBookApp-frameworks-${CONFIGURATION}-output-files.xcfilelist",
			);
			runOnlyForDeploymentPostprocessing = 0;
			shellPath = /bin/sh;
			shellScript = "\"${PODS_ROOT}/Target Support Files/Pods-eBookApp/Pods-eBookApp-frameworks.sh\"\n";
			showEnvVarsInLog = 0;
		};
		0F34DDC6E9CF99FF02A77BDF /* [CP] Embed Pods Frameworks */ = {
			isa = PBXShellScriptBuildPhase;
			buildActionMask = 2147483647;
			files = (
			);
			inputFileListPaths = (
				"${PODS_ROOT}/Target Support Files/Pods-eBookApp-eBookAppTests/Pods-eBookApp-eBookAppTests-frameworks-${CONFIGURATION}-input-files.xcfilelist",
			);
			name = "[CP] Embed Pods Frameworks";
			outputFileListPaths = (
				"${PODS_ROOT}/Target Support Files/Pods-eBookApp-eBookAppTests/Pods-eBookApp-eBookAppTests-frameworks-${CONFIGURATION}-output-files.xcfilelist",
			);
			runOnlyForDeploymentPostprocessing = 0;
			shellPath = /bin/sh;
			shellScript = "\"${PODS_ROOT}/Target Support Files/Pods-eBookApp-eBookAppTests/Pods-eBookApp-eBookAppTests-frameworks.sh\"\n";
			showEnvVarsInLog = 0;
		};
		1C8D09B674AE6F6B73C14CB1 /* [CP] Check Pods Manifest.lock */ = {
			isa = PBXShellScriptBuildPhase;
			buildActionMask = 2147483647;
			files = (
			);
			inputFileListPaths = (
			);
			inputPaths = (
				"${PODS_PODFILE_DIR_PATH}/Podfile.lock",
				"${PODS_ROOT}/Manifest.lock",
			);
			name = "[CP] Check Pods Manifest.lock";
			outputFileListPaths = (
			);
			outputPaths = (
				"$(DERIVED_FILE_DIR)/Pods-eBookApp-checkManifestLockResult.txt",
			);
			runOnlyForDeploymentPostprocessing = 0;
			shellPath = /bin/sh;
			shellScript = "diff \"${PODS_PODFILE_DIR_PATH}/Podfile.lock\" \"${PODS_ROOT}/Manifest.lock\" > /dev/null\nif [ $? != 0 ] ; then\n    # print error to STDERR\n    echo \"error: The sandbox is not in sync with the Podfile.lock. Run 'pod install' or update your CocoaPods installation.\" >&2\n    exit 1\nfi\n# This output is used by Xcode 'outputs' to avoid re-running this script phase.\necho \"SUCCESS\" > \"${SCRIPT_OUTPUT_FILE_0}\"\n";
			showEnvVarsInLog = 0;
		};
		2E0027D537E65A9F66800501 /* [CP] Copy Pods Resources */ = {
			isa = PBXShellScriptBuildPhase;
			buildActionMask = 2147483647;
			files = (
			);
			inputFileListPaths = (
				"${PODS_ROOT}/Target Support Files/Pods-eBookApp/Pods-eBookApp-resources-${CONFIGURATION}-input-files.xcfilelist",
			);
			name = "[CP] Copy Pods Resources";
			outputFileListPaths = (
				"${PODS_ROOT}/Target Support Files/Pods-eBookApp/Pods-eBookApp-resources-${CONFIGURATION}-output-files.xcfilelist",
			);
			runOnlyForDeploymentPostprocessing = 0;
			shellPath = /bin/sh;
			shellScript = "\"${PODS_ROOT}/Target Support Files/Pods-eBookApp/Pods-eBookApp-resources.sh\"\n";
			showEnvVarsInLog = 0;
		};
		EA7F385BD7188AC82C471B0D /* [CP] Copy Pods Resources */ = {
			isa = PBXShellScriptBuildPhase;
			buildActionMask = 2147483647;
			files = (
			);
			inputFileListPaths = (
				"${PODS_ROOT}/Target Support Files/Pods-eBookApp-eBookAppTests/Pods-eBookApp-eBookAppTests-resources-${CONFIGURATION}-input-files.xcfilelist",
			);
			name = "[CP] Copy Pods Resources";
			outputFileListPaths = (
				"${PODS_ROOT}/Target Support Files/Pods-eBookApp-eBookAppTests/Pods-eBookApp-eBookAppTests-resources-${CONFIGURATION}-output-files.xcfilelist",
			);
			runOnlyForDeploymentPostprocessing = 0;
			shellPath = /bin/sh;
			shellScript = "\"${PODS_ROOT}/Target Support Files/Pods-eBookApp-eBookAppTests/Pods-eBookApp-eBookAppTests-resources.sh\"\n";
			showEnvVarsInLog = 0;
		};
		F2D3E5625F36B91B164E7241 /* [CP] Check Pods Manifest.lock */ = {
			isa = PBXShellScriptBuildPhase;
			buildActionMask = 2147483647;
			files = (
			);
			inputFileListPaths = (
			);
			inputPaths = (
				"${PODS_PODFILE_DIR_PATH}/Podfile.lock",
				"${PODS_ROOT}/Manifest.lock",
			);
			name = "[CP] Check Pods Manifest.lock";
			outputFileListPaths = (
			);
			outputPaths = (
				"$(DERIVED_FILE_DIR)/Pods-eBookApp-eBookAppTests-checkManifestLockResult.txt",
			);
			runOnlyForDeploymentPostprocessing = 0;
			shellPath = /bin/sh;
			shellScript = "diff \"${PODS_PODFILE_DIR_PATH}/Podfile.lock\" \"${PODS_ROOT}/Manifest.lock\" > /dev/null\nif [ $? != 0 ] ; then\n    # print error to STDERR\n    echo \"error: The sandbox is not in sync with the Podfile.lock. Run 'pod install' or update your CocoaPods installation.\" >&2\n    exit 1\nfi\n# This output is used by Xcode 'outputs' to avoid re-running this script phase.\necho \"SUCCESS\" > \"${SCRIPT_OUTPUT_FILE_0}\"\n";
			showEnvVarsInLog = 0;
		};
		FD10A7F022414F080027D42C /* Start Packager */ = {
			isa = PBXShellScriptBuildPhase;
			buildActionMask = 2147483647;
			files = (
			);
			inputFileListPaths = (
			);
			inputPaths = (
			);
			name = "Start Packager";
			outputFileListPaths = (
			);
			outputPaths = (
			);
			runOnlyForDeploymentPostprocessing = 0;
			shellPath = /bin/sh;
			shellScript = "export RCT_METRO_PORT=\"${RCT_METRO_PORT:=8081}\"\necho \"export RCT_METRO_PORT=${RCT_METRO_PORT}\" > \"${SRCROOT}/../node_modules/react-native/scripts/.packager.env\"\nif [ -z \"${RCT_NO_LAUNCH_PACKAGER+xxx}\" ] ; then\n  if nc -w 5 -z localhost ${RCT_METRO_PORT} ; then\n    if ! curl -s \"http://localhost:${RCT_METRO_PORT}/status\" | grep -q \"packager-status:running\" ; then\n      echo \"Port ${RCT_METRO_PORT} already in use, packager is either not running or not running correctly\"\n      exit 2\n    fi\n  else\n    open \"$SRCROOT/../node_modules/react-native/scripts/launchPackager.command\" || echo \"Can't start packager automatically\"\n  fi\nfi\n";
			showEnvVarsInLog = 0;
		};
/* End PBXShellScriptBuildPhase section */

/* Begin PBXSourcesBuildPhase section */
		00E356EA1AD99517003FC87E /* Sources */ = {
			isa = PBXSourcesBuildPhase;
			buildActionMask = 2147483647;
			files = (
				00E356F31AD99517003FC87E /* eBookAppTests.m in Sources */,
			);
			runOnlyForDeploymentPostprocessing = 0;
		};
		13B07F871A680F5B00A75B9A /* Sources */ = {
			isa = PBXSourcesBuildPhase;
			buildActionMask = 2147483647;
			files = (
				13B07FBC1A68108700A75B9A /* AppDelegate.m in Sources */,
				13B07FC11A68108700A75B9A /* main.m in Sources */,
			);
			runOnlyForDeploymentPostprocessing = 0;
		};
/* End PBXSourcesBuildPhase section */

/* Begin PBXTargetDependency section */
		00E356F51AD99517003FC87E /* PBXTargetDependency */ = {
			isa = PBXTargetDependency;
			target = 13B07F861A680F5B00A75B9A /* eBookApp */;
			targetProxy = 00E356F41AD99517003FC87E /* PBXContainerItemProxy */;
		};
/* End PBXTargetDependency section */

/* Begin XCBuildConfiguration section */
		00E356F61AD99517003FC87E /* Debug */ = {
			isa = XCBuildConfiguration;
			baseConfigurationReference = 8ABDEE5C6D473D746ACBD24E /* Pods-eBookApp-eBookAppTests.debug.xcconfig */;
			buildSettings = {
				BUNDLE_LOADER = "$(TEST_HOST)";
				GCC_PREPROCESSOR_DEFINITIONS = (
					"DEBUG=1",
					"$(inherited)",
				);
				INFOPLIST_FILE = eBookAppTests/Info.plist;
				IPHONEOS_DEPLOYMENT_TARGET = 10.0;
				LD_RUNPATH_SEARCH_PATHS = (
					"$(inherited)",
					"@executable_path/Frameworks",
					"@loader_path/Frameworks",
				);
				OTHER_LDFLAGS = (
					"-ObjC",
					"-lc++",
					"$(inherited)",
				);
				PRODUCT_BUNDLE_IDENTIFIER = "org.reactjs.native.example.$(PRODUCT_NAME:rfc1034identifier)";
				PRODUCT_NAME = "$(TARGET_NAME)";
				TEST_HOST = "$(BUILT_PRODUCTS_DIR)/eBookApp.app/eBookApp";
			};
			name = Debug;
		};
		00E356F71AD99517003FC87E /* Release */ = {
			isa = XCBuildConfiguration;
			baseConfigurationReference = 4337A6089F38DCEB42F395A3 /* Pods-eBookApp-eBookAppTests.release.xcconfig */;
			buildSettings = {
				BUNDLE_LOADER = "$(TEST_HOST)";
				COPY_PHASE_STRIP = NO;
				INFOPLIST_FILE = eBookAppTests/Info.plist;
				IPHONEOS_DEPLOYMENT_TARGET = 10.0;
				LD_RUNPATH_SEARCH_PATHS = (
					"$(inherited)",
					"@executable_path/Frameworks",
					"@loader_path/Frameworks",
				);
				OTHER_LDFLAGS = (
					"-ObjC",
					"-lc++",
					"$(inherited)",
				);
				PRODUCT_BUNDLE_IDENTIFIER = "org.reactjs.native.example.$(PRODUCT_NAME:rfc1034identifier)";
				PRODUCT_NAME = "$(TARGET_NAME)";
				TEST_HOST = "$(BUILT_PRODUCTS_DIR)/eBookApp.app/eBookApp";
			};
			name = Release;
		};
		13B07F941A680F5B00A75B9A /* Debug */ = {
			isa = XCBuildConfiguration;
			baseConfigurationReference = 43B1A5B9B8FF4A87FF41F929 /* Pods-eBookApp.debug.xcconfig */;
			buildSettings = {
				ASSETCATALOG_COMPILER_APPICON_NAME = AppIcon;
				CLANG_ENABLE_MODULES = YES;
				CURRENT_PROJECT_VERSION = 1;
				ENABLE_BITCODE = NO;
				INFOPLIST_FILE = eBookApp/Info.plist;
				LD_RUNPATH_SEARCH_PATHS = (
					"$(inherited)",
					"@executable_path/Frameworks",
				);
				OTHER_LDFLAGS = (
					"$(inherited)",
					"-ObjC",
					"-lc++",
				);
				PRODUCT_BUNDLE_IDENTIFIER = "org.reactjs.native.example.$(PRODUCT_NAME:rfc1034identifier)";
				PRODUCT_NAME = eBookApp;
				SWIFT_OPTIMIZATION_LEVEL = "-Onone";
				SWIFT_VERSION = 5.0;
				VERSIONING_SYSTEM = "apple-generic";
			};
			name = Debug;
		};
		13B07F951A680F5B00A75B9A /* Release */ = {
			isa = XCBuildConfiguration;
			baseConfigurationReference = 84647C760EF26E07DD4BE322 /* Pods-eBookApp.release.xcconfig */;
			buildSettings = {
				ASSETCATALOG_COMPILER_APPICON_NAME = AppIcon;
				CLANG_ENABLE_MODULES = YES;
				CURRENT_PROJECT_VERSION = 1;
				INFOPLIST_FILE = eBookApp/Info.plist;
				LD_RUNPATH_SEARCH_PATHS = (
					"$(inherited)",
					"@executable_path/Frameworks",
				);
				OTHER_LDFLAGS = (
					"$(inherited)",
					"-ObjC",
					"-lc++",
				);
				PRODUCT_BUNDLE_IDENTIFIER = "org.reactjs.native.example.$(PRODUCT_NAME:rfc1034identifier)";
				PRODUCT_NAME = eBookApp;
				SWIFT_VERSION = 5.0;
				VERSIONING_SYSTEM = "apple-generic";
			};
			name = Release;
		};
		83CBBA201A601CBA00E9B192 /* Debug */ = {
			isa = XCBuildConfiguration;
			buildSettings = {
				ALWAYS_SEARCH_USER_PATHS = NO;
				CLANG_ANALYZER_LOCALIZABILITY_NONLOCALIZED = YES;
				CLANG_CXX_LANGUAGE_STANDARD = "gnu++0x";
				CLANG_CXX_LIBRARY = "libc++";
				CLANG_ENABLE_MODULES = YES;
				CLANG_ENABLE_OBJC_ARC = YES;
				CLANG_WARN_BLOCK_CAPTURE_AUTORELEASING = YES;
				CLANG_WARN_BOOL_CONVERSION = YES;
				CLANG_WARN_COMMA = YES;
				CLANG_WARN_CONSTANT_CONVERSION = YES;
				CLANG_WARN_DEPRECATED_OBJC_IMPLEMENTATIONS = YES;
				CLANG_WARN_DIRECT_OBJC_ISA_USAGE = YES_ERROR;
				CLANG_WARN_EMPTY_BODY = YES;
				CLANG_WARN_ENUM_CONVERSION = YES;
				CLANG_WARN_INFINITE_RECURSION = YES;
				CLANG_WARN_INT_CONVERSION = YES;
				CLANG_WARN_NON_LITERAL_NULL_CONVERSION = YES;
				CLANG_WARN_OBJC_IMPLICIT_RETAIN_SELF = YES;
				CLANG_WARN_OBJC_LITERAL_CONVERSION = YES;
				CLANG_WARN_OBJC_ROOT_CLASS = YES_ERROR;
				CLANG_WARN_QUOTED_INCLUDE_IN_FRAMEWORK_HEADER = YES;
				CLANG_WARN_RANGE_LOOP_ANALYSIS = YES;
				CLANG_WARN_STRICT_PROTOTYPES = YES;
				CLANG_WARN_SUSPICIOUS_MOVE = YES;
				CLANG_WARN_UNREACHABLE_CODE = YES;
				CLANG_WARN__DUPLICATE_METHOD_MATCH = YES;
				"CODE_SIGN_IDENTITY[sdk=iphoneos*]" = "iPhone Developer";
				COPY_PHASE_STRIP = NO;
				ENABLE_STRICT_OBJC_MSGSEND = YES;
				ENABLE_TESTABILITY = YES;
				"EXCLUDED_ARCHS[sdk=iphonesimulator*]" = "";
				GCC_C_LANGUAGE_STANDARD = gnu99;
				GCC_DYNAMIC_NO_PIC = NO;
				GCC_NO_COMMON_BLOCKS = YES;
				GCC_OPTIMIZATION_LEVEL = 0;
				GCC_PREPROCESSOR_DEFINITIONS = (
					"DEBUG=1",
					"$(inherited)",
				);
				GCC_SYMBOLS_PRIVATE_EXTERN = NO;
				GCC_WARN_64_TO_32_BIT_CONVERSION = YES;
				GCC_WARN_ABOUT_RETURN_TYPE = YES_ERROR;
				GCC_WARN_UNDECLARED_SELECTOR = YES;
				GCC_WARN_UNINITIALIZED_AUTOS = YES_AGGRESSIVE;
				GCC_WARN_UNUSED_FUNCTION = YES;
				GCC_WARN_UNUSED_VARIABLE = YES;
				IPHONEOS_DEPLOYMENT_TARGET = 10.0;
				LD_RUNPATH_SEARCH_PATHS = (
					/usr/lib/swift,
					"$(inherited)",
				);
				LIBRARY_SEARCH_PATHS = (
					"\"$(TOOLCHAIN_DIR)/usr/lib/swift/$(PLATFORM_NAME)\"",
					"\"$(TOOLCHAIN_DIR)/usr/lib/swift-5.0/$(PLATFORM_NAME)\"",
					"\"$(inherited)\"",
				);
				MTL_ENABLE_DEBUG_INFO = YES;
				ONLY_ACTIVE_ARCH = YES;
				SDKROOT = iphoneos;
			};
			name = Debug;
		};
		83CBBA211A601CBA00E9B192 /* Release */ = {
			isa = XCBuildConfiguration;
			buildSettings = {
				ALWAYS_SEARCH_USER_PATHS = NO;
				CLANG_ANALYZER_LOCALIZABILITY_NONLOCALIZED = YES;
				CLANG_CXX_LANGUAGE_STANDARD = "gnu++0x";
				CLANG_CXX_LIBRARY = "libc++";
				CLANG_ENABLE_MODULES = YES;
				CLANG_ENABLE_OBJC_ARC = YES;
				CLANG_WARN_BLOCK_CAPTURE_AUTORELEASING = YES;
				CLANG_WARN_BOOL_CONVERSION = YES;
				CLANG_WARN_COMMA = YES;
				CLANG_WARN_CONSTANT_CONVERSION = YES;
				CLANG_WARN_DEPRECATED_OBJC_IMPLEMENTATIONS = YES;
				CLANG_WARN_DIRECT_OBJC_ISA_USAGE = YES_ERROR;
				CLANG_WARN_EMPTY_BODY = YES;
				CLANG_WARN_ENUM_CONVERSION = YES;
				CLANG_WARN_INFINITE_RECURSION = YES;
				CLANG_WARN_INT_CONVERSION = YES;
				CLANG_WARN_NON_LITERAL_NULL_CONVERSION = YES;
				CLANG_WARN_OBJC_IMPLICIT_RETAIN_SELF = YES;
				CLANG_WARN_OBJC_LITERAL_CONVERSION = YES;
				CLANG_WARN_OBJC_ROOT_CLASS = YES_ERROR;
				CLANG_WARN_QUOTED_INCLUDE_IN_FRAMEWORK_HEADER = YES;
				CLANG_WARN_RANGE_LOOP_ANALYSIS = YES;
				CLANG_WARN_STRICT_PROTOTYPES = YES;
				CLANG_WARN_SUSPICIOUS_MOVE = YES;
				CLANG_WARN_UNREACHABLE_CODE = YES;
				CLANG_WARN__DUPLICATE_METHOD_MATCH = YES;
				"CODE_SIGN_IDENTITY[sdk=iphoneos*]" = "iPhone Developer";
				COPY_PHASE_STRIP = YES;
				ENABLE_NS_ASSERTIONS = NO;
				ENABLE_STRICT_OBJC_MSGSEND = YES;
				"EXCLUDED_ARCHS[sdk=iphonesimulator*]" = "";
				GCC_C_LANGUAGE_STANDARD = gnu99;
				GCC_NO_COMMON_BLOCKS = YES;
				GCC_WARN_64_TO_32_BIT_CONVERSION = YES;
				GCC_WARN_ABOUT_RETURN_TYPE = YES_ERROR;
				GCC_WARN_UNDECLARED_SELECTOR = YES;
				GCC_WARN_UNINITIALIZED_AUTOS = YES_AGGRESSIVE;
				GCC_WARN_UNUSED_FUNCTION = YES;
				GCC_WARN_UNUSED_VARIABLE = YES;
				IPHONEOS_DEPLOYMENT_TARGET = 10.0;
				LD_RUNPATH_SEARCH_PATHS = (
					/usr/lib/swift,
					"$(inherited)",
				);
				LIBRARY_SEARCH_PATHS = (
					"\"$(TOOLCHAIN_DIR)/usr/lib/swift/$(PLATFORM_NAME)\"",
					"\"$(TOOLCHAIN_DIR)/usr/lib/swift-5.0/$(PLATFORM_NAME)\"",
					"\"$(inherited)\"",
				);
				MTL_ENABLE_DEBUG_INFO = NO;
				SDKROOT = iphoneos;
				VALIDATE_PRODUCT = YES;
			};
			name = Release;
		};
/* End XCBuildConfiguration section */

/* Begin XCConfigurationList section */
		00E357021AD99517003FC87E /* Build configuration list for PBXNativeTarget "eBookAppTests" */ = {
			isa = XCConfigurationList;
			buildConfigurations = (
				00E356F61AD99517003FC87E /* Debug */,
				00E356F71AD99517003FC87E /* Release */,
			);
			defaultConfigurationIsVisible = 0;
			defaultConfigurationName = Release;
		};
		13B07F931A680F5B00A75B9A /* Build configuration list for PBXNativeTarget "eBookApp" */ = {
			isa = XCConfigurationList;
			buildConfigurations = (
				13B07F941A680F5B00A75B9A /* Debug */,
				13B07F951A680F5B00A75B9A /* Release */,
			);
			defaultConfigurationIsVisible = 0;
			defaultConfigurationName = Release;
		};
		83CBB9FA1A601CBA00E9B192 /* Build configuration list for PBXProject "eBookApp" */ = {
			isa = XCConfigurationList;
			buildConfigurations = (
				83CBBA201A601CBA00E9B192 /* Debug */,
				83CBBA211A601CBA00E9B192 /* Release */,
			);
			defaultConfigurationIsVisible = 0;
			defaultConfigurationName = Release;
		};
/* End XCConfigurationList section */
	};
	rootObject = 83CBB9F71A601CBA00E9B192 /* Project object */;
}
